<Solution>
  <Folder Name="/preFinal/Lessons/" />
  <Folder Name="/preFinal/Lessons/Encapsulation/">
    <Project Path="preFinal/Lessons/Encapsulation/folderFive/folderFive.csproj" />
    <Project Path="preFinal/Lessons/Encapsulation/folderSeven/folderSeven.csproj" />
  </Folder>
  <Folder Name="/preMid/">
    <Project Path="preMid/pmExam/pmExam.csproj" />
    <Project Path="preMid/quiz1/quiz1.csproj" />
  </Folder>
  <Folder Name="/Finals/Lessons/" />
  <Folder Name="/Finals/Lessons/ForEach/">
    <Project Path="Finals/Lessons/ForEach/folderFour/folderFour.csproj" />
    <Project Path="Finals/Lessons/ForEach/folderOne/folderOne.csproj" />
  </Folder>
  <Folder Name="/midTerm/">
    <Project Path="midTerm/mtExam/mtExam.csproj" />
    <Project Path="midTerm/mylesson1/mylesson1.csproj" />
    <Project Path="midTerm/quiz1/quiz1.csproj" />
    <Project Path="midTerm/quiz2/quiz2.csproj" />
  </Folder>

  <Folder Name="/preFinal/">
    <Project Path="preFinal/Exam/Exam.csproj" />
    <Folder Name="/preFinal/Lessons/">

      <Folder Name="/preFinal/Lessons/Encapsulation/">
        <Project Path="preFinal/Lessons/Encapsulation/folderOne/folderOne.csproj" />
        <Project Path="preFinal/Lessons/Encapsulation/folderTwo/folderTwo.csproj" />
        <Project Path="preFinal/Lessons/Encapsulation/folderThree/folderThree.csproj" />
        <Project Path="preFinal/Lessons/Encapsulation/folderFour/folderFour.csproj" />
        <Project Path="preFinal/Lessons/Encapsulation/folderSix/folderSix.csproj" />
        <Project Path="preFinal/Lessons/Encapsulation/folderEight/folderEight.csproj" />
      </Folder>

    </Folder>

  </Folder>

  <Folder Name="/Finals/">
    <Project Path="Finals/fExam/fExam.csproj" />
    <Folder Name="/Finals/Lessons/">
      <Folder Name="/Finals/Lessons/Abstraction/">
        <Project Path="Finals/Lessons/Abstraction/folderOne/folderOne.csproj" />
        <Project Path="Finals/Lessons/Abstraction/folderTwo/folderTwo.csproj" />
        <Project Path="Finals/Lessons/Abstraction/folderThree/folderThree.csproj" />
        <Project Path="Finals/Lessons/Abstraction/folderFour/folderFour.csproj" />
        <Project Path="Finals/Lessons/Abstraction/folderFive/folderFive.csproj" />
        <Project Path="Finals/Lessons/Abstraction/folderSix/folderSix.csproj" />
      </Folder>
      <Folder Name="/Finals/Lessons/Polymorphism/">
        <Project Path="Finals/Lessons/Polymorphism/folderOne/folderOne.csproj" />
        <Project Path="Finals/Lessons/Polymorphism/folderTwo/folderTwo.csproj" />
        <Project Path="Finals/Lessons/Polymorphism/folderThree/folderThree.csproj" />
        <Project Path="Finals/Lessons/Polymorphism/folderFour/folderFour.csproj" />
        <Project Path="Finals/Lessons/Polymorphism/folderFive/folderFive.csproj" />
        <Project Path="Finals/Lessons/Polymorphism/folderSix/folderSix.csproj" />
      </Folder>
      <Folder Name="/Finals/Lessons/ForLoops/">
        <Project Path="Finals/Lessons/ForLoops/folderOne/folderOne.csproj" />
        <Project Path="Finals/Lessons/ForLoops/folderTwo/folderTwo.csproj" />
        <Project Path="Finals/Lessons/ForLoops/folderThree/folderThree.csproj" />
        <Project Path="Finals/Lessons/ForLoops/folderFour/folderFour.csproj" />
        <Project Path="Finals/Lessons/ForLoops/folderFive/folderFive.csproj" />
      </Folder>
      <Folder Name="/Finals/Lessons/Array/">
        <Project Path="Finals/Lessons/Array/folderOne/folderOne.csproj" />
        <Project Path="Finals/Lessons/Array/folderTwo/folderTwo.csproj" />
        <Project Path="Finals/Lessons/Array/folderThree/folderThree.csproj" />
        <Project Path="Finals/Lessons/Array/folderFour/folderFour.csproj" />
        <Project Path="Finals/Lessons/Array/folderFive/folderFive.csproj" />
      </Folder>
    </Folder>
  </Folder>

</Solution>