<Solution>
  <Folder Name="/midTerm/">
    <Project Path="midTerm/mtExam/mtExam.csproj" />
    <Project Path="midTerm/mylesson1/mylesson1.csproj" />
    <Project Path="midTerm/quiz1/quiz1.csproj" />
    <Project Path="midTerm/quiz2/quiz2.csproj" />
  </Folder>
  <Folder Name="/preMid/">
    <Project Path="preMid/pmExam/pmExam.csproj" />
    <Project Path="preMid/quiz1/quiz1.csproj" />
    <Project Path="preMid/quiz2/quiz2.csproj" />
  </Folder>
</Solution>
